# Generated by pub
# See http://pub.dartlang.org/doc/glossary.html#lockfile
packages:
  analyzer:
    description:
      name: analyzer
      url: "http://pub.drafintech.it:5001"
    source: hosted
    version: "0.28.1"
  args:
    description:
      name: args
      url: "http://pub.drafintech.it:5001"
    source: hosted
    version: "0.13.5"
  async:
    description:
      name: async
      url: "http://pub.drafintech.it:5001"
    source: hosted
    version: "1.11.1"
  bazel_worker:
    description:
      name: bazel_worker
      url: "http://pub.drafintech.it:5001"
    source: hosted
    version: "0.1.1"
  browser:
    description:
      name: browser
      url: "http://pub.drafintech.it:5001"
    source: hosted
    version: "0.10.0+2"
  charcode:
    description:
      name: charcode
      url: "http://pub.drafintech.it:5001"
    source: hosted
    version: "1.1.0"
  cli_util:
    description:
      name: cli_util
      url: "http://pub.drafintech.it:5001"
    source: hosted
    version: "0.0.1+2"
  collection:
    description:
      name: collection
      url: "http://pub.drafintech.it:5001"
    source: hosted
    version: "1.9.0"
  convert:
    description:
      name: convert
      url: "http://pub.drafintech.it:5001"
    source: hosted
    version: "2.0.0"
  crypto:
    description:
      name: crypto
      url: "http://pub.drafintech.it:5001"
    source: hosted
    version: "2.0.1"
  csslib:
    description:
      name: csslib
      url: "http://pub.drafintech.it:5001"
    source: hosted
    version: "0.13.2"
  dev_compiler:
    description:
      ref: HEAD
      resolved-ref: "8c859df667179724be1ca0bd6f9f82e6f7f0c66c"
      url: "https://github.com/dart-lang/dev_compiler"
    source: git
    version: "0.2.0"
  fixnum:
    description:
      name: fixnum
      url: "http://pub.drafintech.it:5001"
    source: hosted
    version: "0.10.5"
  func:
    description:
      name: func
      url: "http://pub.drafintech.it:5001"
    source: hosted
    version: "0.1.0"
  glob:
    description:
      name: glob
      url: "http://pub.drafintech.it:5001"
    source: hosted
    version: "1.1.3"
  html:
    description:
      name: html
      url: "http://pub.drafintech.it:5001"
    source: hosted
    version: "0.12.2+2"
  isolate:
    description:
      name: isolate
      url: "http://pub.drafintech.it:5001"
    source: hosted
    version: "0.2.2"
  js:
    description:
      name: js
      url: "http://pub.drafintech.it:5001"
    source: hosted
    version: "0.6.0"
  logging:
    description:
      name: logging
      url: "http://pub.drafintech.it:5001"
    source: hosted
    version: "0.11.3+1"
  meta:
    description:
      name: meta
      url: "http://pub.drafintech.it:5001"
    source: hosted
    version: "1.0.2"
  package_config:
    description:
      name: package_config
      url: "http://pub.drafintech.it:5001"
    source: hosted
    version: "1.0.0"
  path:
    description:
      name: path
      url: "http://pub.drafintech.it:5001"
    source: hosted
    version: "1.3.9"
  plugin:
    description:
      name: plugin
      url: "http://pub.drafintech.it:5001"
    source: hosted
    version: "0.2.0"
  protobuf:
    description:
      name: protobuf
      url: "http://pub.drafintech.it:5001"
    source: hosted
    version: "0.5.2"
  pub_semver:
    description:
      name: pub_semver
      url: "http://pub.drafintech.it:5001"
    source: hosted
    version: "1.3.0"
  resource:
    description:
      name: resource
      url: "http://pub.drafintech.it:5001"
    source: hosted
    version: "1.1.0"
  source_maps:
    description:
      name: source_maps
      url: "http://pub.drafintech.it:5001"
    source: hosted
    version: "0.10.1+1"
  source_span:
    description:
      name: source_span
      url: "http://pub.drafintech.it:5001"
    source: hosted
    version: "1.2.3"
  stack_trace:
    description:
      name: stack_trace
      url: "http://pub.drafintech.it:5001"
    source: hosted
    version: "1.6.6"
  string_scanner:
    description:
      name: string_scanner
      url: "http://pub.drafintech.it:5001"
    source: hosted
    version: "1.0.0"
  typed_data:
    description:
      name: typed_data
      url: "http://pub.drafintech.it:5001"
    source: hosted
    version: "1.1.3"
  utf:
    description:
      name: utf
      url: "http://pub.drafintech.it:5001"
    source: hosted
    version: "0.9.0+3"
  watcher:
    description:
      name: watcher
      url: "http://pub.drafintech.it:5001"
    source: hosted
    version: "0.9.7+2"
  when:
    description:
      name: when
      url: "http://pub.drafintech.it:5001"
    source: hosted
    version: "0.2.0"
  which:
    description:
      name: which
      url: "http://pub.drafintech.it:5001"
    source: hosted
    version: "0.1.3"
  yaml:
    description:
      name: yaml
      url: "http://pub.drafintech.it:5001"
    source: hosted
    version: "2.1.10"
sdks:
  dart: ">=1.17.0-dev.6.2 <2.0.0"
